// !$*UTF8*$!
{
	archiveVersion = 1;
	classes = {
	};
	objectVersion = 50;
	objects = {

/* Begin PBXBuildFile section */
		075D18C0E884C2DBBC68F3B5 /* Pods_project1.framework in Frameworks */ = {isa = PBXBuildFile; fileRef = 39C9C91286DD7A4A5F2D515A /* Pods_project1.framework */; };
		2B9C84B086FDE3876B63CDFE /* Pods_project1Tests.framework in Frameworks */ = {isa = PBXBuildFile; fileRef = C37E84B96D3AC3080274C214 /* Pods_project1Tests.framework */; };
		784A283BBE513741B0778118 /* Pods_project1UITests.framework in Frameworks */ = {isa = PBXBuildFile; fileRef = 575FF4925741EA25ED06CFC5 /* Pods_project1UITests.framework */; };
		A904992120D7C5270039BB4E /* AddNewCellTableViewController.swift in Sources */ = {isa = PBXBuildFile; fileRef = A904992020D7C5270039BB4E /* AddNewCellTableViewController.swift */; };
		A904998A20D806440039BB4E /* AddNewCell.storyboard in Resources */ = {isa = PBXBuildFile; fileRef = A904998920D806440039BB4E /* AddNewCell.storyboard */; };
		A90A00B620D7AD3F003DDF4A /* Profile.storyboard in Resources */ = {isa = PBXBuildFile; fileRef = A90A00B420D7AD3F003DDF4A /* Profile.storyboard */; };
		A90A00B820D7AD70003DDF4A /* ProfileViewController.swift in Sources */ = {isa = PBXBuildFile; fileRef = A90A00B720D7AD70003DDF4A /* ProfileViewController.swift */; };
		A915736620DD361E00800DD0 /* GirlsRealm.swift in Sources */ = {isa = PBXBuildFile; fileRef = A915736520DD361E00800DD0 /* GirlsRealm.swift */; };
		A915736820DD985A00800DD0 /* StartTabBarController.swift in Sources */ = {isa = PBXBuildFile; fileRef = A915736720DD985A00800DD0 /* StartTabBarController.swift */; };
		A915736A20DD9E1100800DD0 /* StartSplitViewController.swift in Sources */ = {isa = PBXBuildFile; fileRef = A915736920DD9E1100800DD0 /* StartSplitViewController.swift */; };
		A92449A820DA78C100E3F522 /* StartTableViewController.swift in Sources */ = {isa = PBXBuildFile; fileRef = A92449A720DA78C100E3F522 /* StartTableViewController.swift */; };
		A9BC905520D544EB0019C7F6 /* AppDelegate.swift in Sources */ = {isa = PBXBuildFile; fileRef = A9BC905420D544EB0019C7F6 /* AppDelegate.swift */; };
		A9BC905A20D544EB0019C7F6 /* Main.storyboard in Resources */ = {isa = PBXBuildFile; fileRef = A9BC905820D544EB0019C7F6 /* Main.storyboard */; };
		A9BC905F20D544EC0019C7F6 /* Assets.xcassets in Resources */ = {isa = PBXBuildFile; fileRef = A9BC905E20D544EC0019C7F6 /* Assets.xcassets */; };
		A9BC906220D544EC0019C7F6 /* LaunchScreen.storyboard in Resources */ = {isa = PBXBuildFile; fileRef = A9BC906020D544EC0019C7F6 /* LaunchScreen.storyboard */; };
		A9BC906D20D544EC0019C7F6 /* project1Tests.swift in Sources */ = {isa = PBXBuildFile; fileRef = A9BC906C20D544EC0019C7F6 /* project1Tests.swift */; };
		A9BC907820D544EC0019C7F6 /* project1UITests.swift in Sources */ = {isa = PBXBuildFile; fileRef = A9BC907720D544EC0019C7F6 /* project1UITests.swift */; };
		A9BC909A20D57DB90019C7F6 /* Girls.swift in Sources */ = {isa = PBXBuildFile; fileRef = A9BC909920D57DB90019C7F6 /* Girls.swift */; };
		A9BC909C20D581110019C7F6 /* StartTableViewCell.swift in Sources */ = {isa = PBXBuildFile; fileRef = A9BC909B20D581110019C7F6 /* StartTableViewCell.swift */; };
		A9BC909E20D58A7D0019C7F6 /* StartDetailViewController.swift in Sources */ = {isa = PBXBuildFile; fileRef = A9BC909D20D58A7D0019C7F6 /* StartDetailViewController.swift */; };
		A9BC90A020D6723B0019C7F6 /* .gitignore in Resources */ = {isa = PBXBuildFile; fileRef = A9BC909F20D6723B0019C7F6 /* .gitignore */; };
/* End PBXBuildFile section */

/* Begin PBXContainerItemProxy section */
		A9BC906920D544EC0019C7F6 /* PBXContainerItemProxy */ = {
			isa = PBXContainerItemProxy;
			containerPortal = A9BC904920D544EB0019C7F6 /* Project object */;
			proxyType = 1;
			remoteGlobalIDString = A9BC905020D544EB0019C7F6;
			remoteInfo = project1;
		};
		A9BC907420D544EC0019C7F6 /* PBXContainerItemProxy */ = {
			isa = PBXContainerItemProxy;
			containerPortal = A9BC904920D544EB0019C7F6 /* Project object */;
			proxyType = 1;
			remoteGlobalIDString = A9BC905020D544EB0019C7F6;
			remoteInfo = project1;
		};
/* End PBXContainerItemProxy section */

/* Begin PBXFileReference section */
		2A67DA4ED5F3E59CD75D7249 /* Pods-project1Tests.release.xcconfig */ = {isa = PBXFileReference; includeInIndex = 1; lastKnownFileType = text.xcconfig; name = "Pods-project1Tests.release.xcconfig"; path = "Pods/Target Support Files/Pods-project1Tests/Pods-project1Tests.release.xcconfig"; sourceTree = "<group>"; };
		39C9C91286DD7A4A5F2D515A /* Pods_project1.framework */ = {isa = PBXFileReference; explicitFileType = wrapper.framework; includeInIndex = 0; path = Pods_project1.framework; sourceTree = BUILT_PRODUCTS_DIR; };
		3D90FF557DB7688B2704E883 /* Pods-project1Tests.debug.xcconfig */ = {isa = PBXFileReference; includeInIndex = 1; lastKnownFileType = text.xcconfig; name = "Pods-project1Tests.debug.xcconfig"; path = "Pods/Target Support Files/Pods-project1Tests/Pods-project1Tests.debug.xcconfig"; sourceTree = "<group>"; };
		456E5DDE1F1E29D3242ABEA9 /* Pods-project1.debug.xcconfig */ = {isa = PBXFileReference; includeInIndex = 1; lastKnownFileType = text.xcconfig; name = "Pods-project1.debug.xcconfig"; path = "Pods/Target Support Files/Pods-project1/Pods-project1.debug.xcconfig"; sourceTree = "<group>"; };
		575FF4925741EA25ED06CFC5 /* Pods_project1UITests.framework */ = {isa = PBXFileReference; explicitFileType = wrapper.framework; includeInIndex = 0; path = Pods_project1UITests.framework; sourceTree = BUILT_PRODUCTS_DIR; };
		614E6B03B95A28BCB6F77127 /* Pods-project1UITests.release.xcconfig */ = {isa = PBXFileReference; includeInIndex = 1; lastKnownFileType = text.xcconfig; name = "Pods-project1UITests.release.xcconfig"; path = "Pods/Target Support Files/Pods-project1UITests/Pods-project1UITests.release.xcconfig"; sourceTree = "<group>"; };
		6A58F116B42C27C32A5643E0 /* Pods-project1UITests.debug.xcconfig */ = {isa = PBXFileReference; includeInIndex = 1; lastKnownFileType = text.xcconfig; name = "Pods-project1UITests.debug.xcconfig"; path = "Pods/Target Support Files/Pods-project1UITests/Pods-project1UITests.debug.xcconfig"; sourceTree = "<group>"; };
		9408C3F5C715C481A2BE2710 /* Pods-project1.release.xcconfig */ = {isa = PBXFileReference; includeInIndex = 1; lastKnownFileType = text.xcconfig; name = "Pods-project1.release.xcconfig"; path = "Pods/Target Support Files/Pods-project1/Pods-project1.release.xcconfig"; sourceTree = "<group>"; };
		A904992020D7C5270039BB4E /* AddNewCellTableViewController.swift */ = {isa = PBXFileReference; lastKnownFileType = sourcecode.swift; path = AddNewCellTableViewController.swift; sourceTree = "<group>"; };
		A904998920D806440039BB4E /* AddNewCell.storyboard */ = {isa = PBXFileReference; lastKnownFileType = file.storyboard; path = AddNewCell.storyboard; sourceTree = "<group>"; };
		A90A00B520D7AD3F003DDF4A /* Base */ = {isa = PBXFileReference; lastKnownFileType = file.storyboard; name = Base; path = project1/StartTable/View/Base.lproj/Profile.storyboard; sourceTree = "<group>"; };
		A90A00B720D7AD70003DDF4A /* ProfileViewController.swift */ = {isa = PBXFileReference; lastKnownFileType = sourcecode.swift; path = ProfileViewController.swift; sourceTree = "<group>"; };
		A915736520DD361E00800DD0 /* GirlsRealm.swift */ = {isa = PBXFileReference; lastKnownFileType = sourcecode.swift; path = GirlsRealm.swift; sourceTree = "<group>"; };
		A915736720DD985A00800DD0 /* StartTabBarController.swift */ = {isa = PBXFileReference; lastKnownFileType = sourcecode.swift; path = StartTabBarController.swift; sourceTree = "<group>"; };
		A915736920DD9E1100800DD0 /* StartSplitViewController.swift */ = {isa = PBXFileReference; lastKnownFileType = sourcecode.swift; path = StartSplitViewController.swift; sourceTree = "<group>"; };
		A92449A720DA78C100E3F522 /* StartTableViewController.swift */ = {isa = PBXFileReference; lastKnownFileType = sourcecode.swift; name = StartTableViewController.swift; path = ../../../StartTableViewController.swift; sourceTree = "<group>"; };
		A9BC905120D544EB0019C7F6 /* project1.app */ = {isa = PBXFileReference; explicitFileType = wrapper.application; includeInIndex = 0; path = project1.app; sourceTree = BUILT_PRODUCTS_DIR; };
		A9BC905420D544EB0019C7F6 /* AppDelegate.swift */ = {isa = PBXFileReference; lastKnownFileType = sourcecode.swift; path = AppDelegate.swift; sourceTree = "<group>"; };
		A9BC905920D544EB0019C7F6 /* Base */ = {isa = PBXFileReference; lastKnownFileType = file.storyboard; name = Base; path = Base.lproj/Main.storyboard; sourceTree = "<group>"; };
		A9BC905E20D544EC0019C7F6 /* Assets.xcassets */ = {isa = PBXFileReference; lastKnownFileType = folder.assetcatalog; path = Assets.xcassets; sourceTree = "<group>"; };
		A9BC906120D544EC0019C7F6 /* Base */ = {isa = PBXFileReference; lastKnownFileType = file.storyboard; name = Base; path = Base.lproj/LaunchScreen.storyboard; sourceTree = "<group>"; };
		A9BC906320D544EC0019C7F6 /* Info.plist */ = {isa = PBXFileReference; lastKnownFileType = text.plist.xml; path = Info.plist; sourceTree = "<group>"; };
		A9BC906820D544EC0019C7F6 /* project1Tests.xctest */ = {isa = PBXFileReference; explicitFileType = wrapper.cfbundle; includeInIndex = 0; path = project1Tests.xctest; sourceTree = BUILT_PRODUCTS_DIR; };
		A9BC906C20D544EC0019C7F6 /* project1Tests.swift */ = {isa = PBXFileReference; lastKnownFileType = sourcecode.swift; path = project1Tests.swift; sourceTree = "<group>"; };
		A9BC906E20D544EC0019C7F6 /* Info.plist */ = {isa = PBXFileReference; lastKnownFileType = text.plist.xml; path = Info.plist; sourceTree = "<group>"; };
		A9BC907320D544EC0019C7F6 /* project1UITests.xctest */ = {isa = PBXFileReference; explicitFileType = wrapper.cfbundle; includeInIndex = 0; path = project1UITests.xctest; sourceTree = BUILT_PRODUCTS_DIR; };
		A9BC907720D544EC0019C7F6 /* project1UITests.swift */ = {isa = PBXFileReference; lastKnownFileType = sourcecode.swift; path = project1UITests.swift; sourceTree = "<group>"; };
		A9BC907920D544EC0019C7F6 /* Info.plist */ = {isa = PBXFileReference; lastKnownFileType = text.plist.xml; path = Info.plist; sourceTree = "<group>"; };
		A9BC909920D57DB90019C7F6 /* Girls.swift */ = {isa = PBXFileReference; lastKnownFileType = sourcecode.swift; path = Girls.swift; sourceTree = "<group>"; };
		A9BC909B20D581110019C7F6 /* StartTableViewCell.swift */ = {isa = PBXFileReference; lastKnownFileType = sourcecode.swift; path = StartTableViewCell.swift; sourceTree = "<group>"; };
		A9BC909D20D58A7D0019C7F6 /* StartDetailViewController.swift */ = {isa = PBXFileReference; lastKnownFileType = sourcecode.swift; path = StartDetailViewController.swift; sourceTree = "<group>"; };
		A9BC909F20D6723B0019C7F6 /* .gitignore */ = {isa = PBXFileReference; lastKnownFileType = text; path = .gitignore; sourceTree = "<group>"; };
		C37E84B96D3AC3080274C214 /* Pods_project1Tests.framework */ = {isa = PBXFileReference; explicitFileType = wrapper.framework; includeInIndex = 0; path = Pods_project1Tests.framework; sourceTree = BUILT_PRODUCTS_DIR; };
/* End PBXFileReference section */

/* Begin PBXFrameworksBuildPhase section */
		A9BC904E20D544EB0019C7F6 /* Frameworks */ = {
			isa = PBXFrameworksBuildPhase;
			buildActionMask = 2147483647;
			files = (
				075D18C0E884C2DBBC68F3B5 /* Pods_project1.framework in Frameworks */,
			);
			runOnlyForDeploymentPostprocessing = 0;
		};
		A9BC906520D544EC0019C7F6 /* Frameworks */ = {
			isa = PBXFrameworksBuildPhase;
			buildActionMask = 2147483647;
			files = (
				2B9C84B086FDE3876B63CDFE /* Pods_project1Tests.framework in Frameworks */,
			);
			runOnlyForDeploymentPostprocessing = 0;
		};
		A9BC907020D544EC0019C7F6 /* Frameworks */ = {
			isa = PBXFrameworksBuildPhase;
			buildActionMask = 2147483647;
			files = (
				784A283BBE513741B0778118 /* Pods_project1UITests.framework in Frameworks */,
			);
			runOnlyForDeploymentPostprocessing = 0;
		};
/* End PBXFrameworksBuildPhase section */

/* Begin PBXGroup section */
		5B52E1ACB23BB8821641F55B /* Frameworks */ = {
			isa = PBXGroup;
			children = (
				39C9C91286DD7A4A5F2D515A /* Pods_project1.framework */,
				C37E84B96D3AC3080274C214 /* Pods_project1Tests.framework */,
				575FF4925741EA25ED06CFC5 /* Pods_project1UITests.framework */,
			);
			name = Frameworks;
			sourceTree = "<group>";
		};
		5C54CB154DEB9F25A2BF5C31 /* Pods */ = {
			isa = PBXGroup;
			children = (
				456E5DDE1F1E29D3242ABEA9 /* Pods-project1.debug.xcconfig */,
				9408C3F5C715C481A2BE2710 /* Pods-project1.release.xcconfig */,
				3D90FF557DB7688B2704E883 /* Pods-project1Tests.debug.xcconfig */,
				2A67DA4ED5F3E59CD75D7249 /* Pods-project1Tests.release.xcconfig */,
				6A58F116B42C27C32A5643E0 /* Pods-project1UITests.debug.xcconfig */,
				614E6B03B95A28BCB6F77127 /* Pods-project1UITests.release.xcconfig */,
			);
			name = Pods;
			sourceTree = "<group>";
		};
		A904991820D7C4710039BB4E /* NewCeel */ = {
			isa = PBXGroup;
			children = (
				A904991C20D7C49D0039BB4E /* Model */,
				A904991B20D7C49C0039BB4E /* View */,
				A904991920D7C4940039BB4E /* Controller */,
			);
			path = NewCeel;
			sourceTree = "<group>";
		};
		A904991920D7C4940039BB4E /* Controller */ = {
			isa = PBXGroup;
			children = (
				A904992020D7C5270039BB4E /* AddNewCellTableViewController.swift */,
			);
			path = Controller;
			sourceTree = "<group>";
		};
		A904991B20D7C49C0039BB4E /* View */ = {
			isa = PBXGroup;
			children = (
				A904998920D806440039BB4E /* AddNewCell.storyboard */,
			);
			path = View;
			sourceTree = "<group>";
		};
		A904991C20D7C49D0039BB4E /* Model */ = {
			isa = PBXGroup;
			children = (
			);
			path = Model;
			sourceTree = "<group>";
		};
		A90A00A920D7A928003DDF4A /* StartDetail */ = {
			isa = PBXGroup;
			children = (
				A90A00AB20D7A955003DDF4A /* Model */,
				A90A00AC20D7A95B003DDF4A /* View */,
				A90A00AA20D7A949003DDF4A /* Controller */,
			);
			path = StartDetail;
			sourceTree = "<group>";
		};
		A90A00AA20D7A949003DDF4A /* Controller */ = {
			isa = PBXGroup;
			children = (
				A9BC909D20D58A7D0019C7F6 /* StartDetailViewController.swift */,
			);
			path = Controller;
			sourceTree = "<group>";
		};
		A90A00AB20D7A955003DDF4A /* Model */ = {
			isa = PBXGroup;
			children = (
			);
			path = Model;
			sourceTree = "<group>";
		};
		A90A00AC20D7A95B003DDF4A /* View */ = {
			isa = PBXGroup;
			children = (
			);
			path = View;
			sourceTree = "<group>";
		};
		A90A00B020D7ACF3003DDF4A /* Profile */ = {
			isa = PBXGroup;
			children = (
				A90A00B320D7AD2B003DDF4A /* Model */,
				A90A00B220D7AD25003DDF4A /* View */,
				A90A00B120D7AD18003DDF4A /* Controller */,
			);
			path = Profile;
			sourceTree = "<group>";
		};
		A90A00B120D7AD18003DDF4A /* Controller */ = {
			isa = PBXGroup;
			children = (
				A90A00B720D7AD70003DDF4A /* ProfileViewController.swift */,
			);
			path = Controller;
			sourceTree = "<group>";
		};
		A90A00B220D7AD25003DDF4A /* View */ = {
			isa = PBXGroup;
			children = (
				A90A00B420D7AD3F003DDF4A /* Profile.storyboard */,
			);
			path = View;
			sourceTree = "<group>";
		};
		A90A00B320D7AD2B003DDF4A /* Model */ = {
			isa = PBXGroup;
			children = (
			);
			path = Model;
			sourceTree = "<group>";
		};
		A9BC904820D544EB0019C7F6 = {
			isa = PBXGroup;
			children = (
				A9BC909F20D6723B0019C7F6 /* .gitignore */,
				A9BC905320D544EB0019C7F6 /* project1 */,
				A9BC906B20D544EC0019C7F6 /* project1Tests */,
				A9BC907620D544EC0019C7F6 /* project1UITests */,
				A9BC905220D544EB0019C7F6 /* Products */,
				5C54CB154DEB9F25A2BF5C31 /* Pods */,
				5B52E1ACB23BB8821641F55B /* Frameworks */,
			);
			sourceTree = "<group>";
		};
		A9BC905220D544EB0019C7F6 /* Products */ = {
			isa = PBXGroup;
			children = (
				A9BC905120D544EB0019C7F6 /* project1.app */,
				A9BC906820D544EC0019C7F6 /* project1Tests.xctest */,
				A9BC907320D544EC0019C7F6 /* project1UITests.xctest */,
			);
			name = Products;
			sourceTree = "<group>";
		};
		A9BC905320D544EB0019C7F6 /* project1 */ = {
			isa = PBXGroup;
			children = (
				A9BC908B20D556060019C7F6 /* Application */,
				A9BC909120D556A80019C7F6 /* StartTable */,
				A90A00A920D7A928003DDF4A /* StartDetail */,
				A904991820D7C4710039BB4E /* NewCeel */,
				A90A00B020D7ACF3003DDF4A /* Profile */,
				A9BC908720D554F80019C7F6 /* Resources */,
			);
			path = project1;
			sourceTree = "<group>";
		};
		A9BC906B20D544EC0019C7F6 /* project1Tests */ = {
			isa = PBXGroup;
			children = (
				A9BC906C20D544EC0019C7F6 /* project1Tests.swift */,
				A9BC906E20D544EC0019C7F6 /* Info.plist */,
			);
			path = project1Tests;
			sourceTree = "<group>";
		};
		A9BC907620D544EC0019C7F6 /* project1UITests */ = {
			isa = PBXGroup;
			children = (
				A9BC907720D544EC0019C7F6 /* project1UITests.swift */,
				A9BC907920D544EC0019C7F6 /* Info.plist */,
			);
			path = project1UITests;
			sourceTree = "<group>";
		};
		A9BC908720D554F80019C7F6 /* Resources */ = {
			isa = PBXGroup;
			children = (
				A9BC905E20D544EC0019C7F6 /* Assets.xcassets */,
				A9BC906320D544EC0019C7F6 /* Info.plist */,
			);
			path = Resources;
			sourceTree = "<group>";
		};
		A9BC908B20D556060019C7F6 /* Application */ = {
			isa = PBXGroup;
			children = (
				A9BC908C20D556210019C7F6 /* Model */,
				A9BC908D20D556260019C7F6 /* View */,
				A9BC908E20D556360019C7F6 /* Controller */,
			);
			path = Application;
			sourceTree = "<group>";
		};
		A9BC908C20D556210019C7F6 /* Model */ = {
			isa = PBXGroup;
			children = (
			);
			path = Model;
			sourceTree = "<group>";
		};
		A9BC908D20D556260019C7F6 /* View */ = {
			isa = PBXGroup;
			children = (
				A9BC906020D544EC0019C7F6 /* LaunchScreen.storyboard */,
			);
			path = View;
			sourceTree = "<group>";
		};
		A9BC908E20D556360019C7F6 /* Controller */ = {
			isa = PBXGroup;
			children = (
				A9BC905420D544EB0019C7F6 /* AppDelegate.swift */,
			);
			path = Controller;
			sourceTree = "<group>";
		};
		A9BC909120D556A80019C7F6 /* StartTable */ = {
			isa = PBXGroup;
			children = (
				A9BC909220D5570C0019C7F6 /* Model */,
				A9BC909320D557140019C7F6 /* View */,
				A9BC909420D557190019C7F6 /* Controller */,
			);
			path = StartTable;
			sourceTree = "<group>";
		};
		A9BC909220D5570C0019C7F6 /* Model */ = {
			isa = PBXGroup;
			children = (
				A9BC909920D57DB90019C7F6 /* Girls.swift */,
				A915736520DD361E00800DD0 /* GirlsRealm.swift */,
			);
			path = Model;
			sourceTree = "<group>";
		};
		A9BC909320D557140019C7F6 /* View */ = {
			isa = PBXGroup;
			children = (
				A9BC905820D544EB0019C7F6 /* Main.storyboard */,
			);
			path = View;
			sourceTree = "<group>";
		};
		A9BC909420D557190019C7F6 /* Controller */ = {
			isa = PBXGroup;
			children = (
				A915736720DD985A00800DD0 /* StartTabBarController.swift */,
				A915736920DD9E1100800DD0 /* StartSplitViewController.swift */,
				A92449A720DA78C100E3F522 /* StartTableViewController.swift */,
				A9BC909B20D581110019C7F6 /* StartTableViewCell.swift */,
			);
			path = Controller;
			sourceTree = "<group>";
		};
/* End PBXGroup section */

/* Begin PBXNativeTarget section */
		A9BC905020D544EB0019C7F6 /* project1 */ = {
			isa = PBXNativeTarget;
			buildConfigurationList = A9BC907C20D544EC0019C7F6 /* Build configuration list for PBXNativeTarget "project1" */;
			buildPhases = (
				1639C7A703D7A34218E872A8 /* [CP] Check Pods Manifest.lock */,
				A9BC904D20D544EB0019C7F6 /* Sources */,
				A9BC904E20D544EB0019C7F6 /* Frameworks */,
				A9BC904F20D544EB0019C7F6 /* Resources */,
				7D4A839155C9403FE1454862 /* [CP] Embed Pods Frameworks */,
			);
			buildRules = (
			);
			dependencies = (
			);
			name = project1;
			productName = project1;
			productReference = A9BC905120D544EB0019C7F6 /* project1.app */;
			productType = "com.apple.product-type.application";
		};
		A9BC906720D544EC0019C7F6 /* project1Tests */ = {
			isa = PBXNativeTarget;
			buildConfigurationList = A9BC907F20D544EC0019C7F6 /* Build configuration list for PBXNativeTarget "project1Tests" */;
			buildPhases = (
				6437E6DB212529414399ADA1 /* [CP] Check Pods Manifest.lock */,
				A9BC906420D544EC0019C7F6 /* Sources */,
				A9BC906520D544EC0019C7F6 /* Frameworks */,
				A9BC906620D544EC0019C7F6 /* Resources */,
			);
			buildRules = (
			);
			dependencies = (
				A9BC906A20D544EC0019C7F6 /* PBXTargetDependency */,
			);
			name = project1Tests;
			productName = project1Tests;
			productReference = A9BC906820D544EC0019C7F6 /* project1Tests.xctest */;
			productType = "com.apple.product-type.bundle.unit-test";
		};
		A9BC907220D544EC0019C7F6 /* project1UITests */ = {
			isa = PBXNativeTarget;
			buildConfigurationList = A9BC908220D544EC0019C7F6 /* Build configuration list for PBXNativeTarget "project1UITests" */;
			buildPhases = (
				D2C9C54006D8DAE9639FCDBA /* [CP] Check Pods Manifest.lock */,
				A9BC906F20D544EC0019C7F6 /* Sources */,
				A9BC907020D544EC0019C7F6 /* Frameworks */,
				A9BC907120D544EC0019C7F6 /* Resources */,
			);
			buildRules = (
			);
			dependencies = (
				A9BC907520D544EC0019C7F6 /* PBXTargetDependency */,
			);
			name = project1UITests;
			productName = project1UITests;
			productReference = A9BC907320D544EC0019C7F6 /* project1UITests.xctest */;
			productType = "com.apple.product-type.bundle.ui-testing";
		};
/* End PBXNativeTarget section */

/* Begin PBXProject section */
		A9BC904920D544EB0019C7F6 /* Project object */ = {
			isa = PBXProject;
			attributes = {
				LastSwiftUpdateCheck = 0940;
				LastUpgradeCheck = 0940;
				ORGANIZATIONNAME = "Дмитрий Матвеенко";
				TargetAttributes = {
					A9BC905020D544EB0019C7F6 = {
						CreatedOnToolsVersion = 9.4;
					};
					A9BC906720D544EC0019C7F6 = {
						CreatedOnToolsVersion = 9.4;
						TestTargetID = A9BC905020D544EB0019C7F6;
					};
					A9BC907220D544EC0019C7F6 = {
						CreatedOnToolsVersion = 9.4;
						TestTargetID = A9BC905020D544EB0019C7F6;
					};
				};
			};
			buildConfigurationList = A9BC904C20D544EB0019C7F6 /* Build configuration list for PBXProject "project1" */;
			compatibilityVersion = "Xcode 9.3";
			developmentRegion = en;
			hasScannedForEncodings = 0;
			knownRegions = (
				en,
				Base,
			);
			mainGroup = A9BC904820D544EB0019C7F6;
			productRefGroup = A9BC905220D544EB0019C7F6 /* Products */;
			projectDirPath = "";
			projectRoot = "";
			targets = (
				A9BC905020D544EB0019C7F6 /* project1 */,
				A9BC906720D544EC0019C7F6 /* project1Tests */,
				A9BC907220D544EC0019C7F6 /* project1UITests */,
			);
		};
/* End PBXProject section */

/* Begin PBXResourcesBuildPhase section */
		A9BC904F20D544EB0019C7F6 /* Resources */ = {
			isa = PBXResourcesBuildPhase;
			buildActionMask = 2147483647;
			files = (
				A90A00B620D7AD3F003DDF4A /* Profile.storyboard in Resources */,
				A904998A20D806440039BB4E /* AddNewCell.storyboard in Resources */,
				A9BC90A020D6723B0019C7F6 /* .gitignore in Resources */,
				A9BC906220D544EC0019C7F6 /* LaunchScreen.storyboard in Resources */,
				A9BC905F20D544EC0019C7F6 /* Assets.xcassets in Resources */,
				A9BC905A20D544EB0019C7F6 /* Main.storyboard in Resources */,
			);
			runOnlyForDeploymentPostprocessing = 0;
		};
		A9BC906620D544EC0019C7F6 /* Resources */ = {
			isa = PBXResourcesBuildPhase;
			buildActionMask = 2147483647;
			files = (
			);
			runOnlyForDeploymentPostprocessing = 0;
		};
		A9BC907120D544EC0019C7F6 /* Resources */ = {
			isa = PBXResourcesBuildPhase;
			buildActionMask = 2147483647;
			files = (
			);
			runOnlyForDeploymentPostprocessing = 0;
		};
/* End PBXResourcesBuildPhase section */

/* Begin PBXShellScriptBuildPhase section */
		1639C7A703D7A34218E872A8 /* [CP] Check Pods Manifest.lock */ = {
			isa = PBXShellScriptBuildPhase;
			buildActionMask = 2147483647;
			files = (
			);
			inputPaths = (
				"${PODS_PODFILE_DIR_PATH}/Podfile.lock",
				"${PODS_ROOT}/Manifest.lock",
			);
			name = "[CP] Check Pods Manifest.lock";
			outputPaths = (
				"$(DERIVED_FILE_DIR)/Pods-project1-checkManifestLockResult.txt",
			);
			runOnlyForDeploymentPostprocessing = 0;
			shellPath = /bin/sh;
			shellScript = "diff \"${PODS_PODFILE_DIR_PATH}/Podfile.lock\" \"${PODS_ROOT}/Manifest.lock\" > /dev/null\nif [ $? != 0 ] ; then\n    # print error to STDERR\n    echo \"error: The sandbox is not in sync with the Podfile.lock. Run 'pod install' or update your CocoaPods installation.\" >&2\n    exit 1\nfi\n# This output is used by Xcode 'outputs' to avoid re-running this script phase.\necho \"SUCCESS\" > \"${SCRIPT_OUTPUT_FILE_0}\"\n";
			showEnvVarsInLog = 0;
		};
		6437E6DB212529414399ADA1 /* [CP] Check Pods Manifest.lock */ = {
			isa = PBXShellScriptBuildPhase;
			buildActionMask = 2147483647;
			files = (
			);
			inputPaths = (
				"${PODS_PODFILE_DIR_PATH}/Podfile.lock",
				"${PODS_ROOT}/Manifest.lock",
			);
			name = "[CP] Check Pods Manifest.lock";
			outputPaths = (
				"$(DERIVED_FILE_DIR)/Pods-project1Tests-checkManifestLockResult.txt",
			);
			runOnlyForDeploymentPostprocessing = 0;
			shellPath = /bin/sh;
			shellScript = "diff \"${PODS_PODFILE_DIR_PATH}/Podfile.lock\" \"${PODS_ROOT}/Manifest.lock\" > /dev/null\nif [ $? != 0 ] ; then\n    # print error to STDERR\n    echo \"error: The sandbox is not in sync with the Podfile.lock. Run 'pod install' or update your CocoaPods installation.\" >&2\n    exit 1\nfi\n# This output is used by Xcode 'outputs' to avoid re-running this script phase.\necho \"SUCCESS\" > \"${SCRIPT_OUTPUT_FILE_0}\"\n";
			showEnvVarsInLog = 0;
		};
		7D4A839155C9403FE1454862 /* [CP] Embed Pods Frameworks */ = {
			isa = PBXShellScriptBuildPhase;
			buildActionMask = 2147483647;
			files = (
			);
			inputPaths = (
				"${SRCROOT}/Pods/Target Support Files/Pods-project1/Pods-project1-frameworks.sh",
				"${BUILT_PRODUCTS_DIR}/Realm/Realm.framework",
				"${BUILT_PRODUCTS_DIR}/RealmSwift/RealmSwift.framework",
			);
			name = "[CP] Embed Pods Frameworks";
			outputPaths = (
				"${TARGET_BUILD_DIR}/${FRAMEWORKS_FOLDER_PATH}/Realm.framework",
				"${TARGET_BUILD_DIR}/${FRAMEWORKS_FOLDER_PATH}/RealmSwift.framework",
			);
			runOnlyForDeploymentPostprocessing = 0;
			shellPath = /bin/sh;
			shellScript = "\"${SRCROOT}/Pods/Target Support Files/Pods-project1/Pods-project1-frameworks.sh\"\n";
			showEnvVarsInLog = 0;
		};
		D2C9C54006D8DAE9639FCDBA /* [CP] Check Pods Manifest.lock */ = {
			isa = PBXShellScriptBuildPhase;
			buildActionMask = 2147483647;
			files = (
			);
			inputPaths = (
				"${PODS_PODFILE_DIR_PATH}/Podfile.lock",
				"${PODS_ROOT}/Manifest.lock",
			);
			name = "[CP] Check Pods Manifest.lock";
			outputPaths = (
				"$(DERIVED_FILE_DIR)/Pods-project1UITests-checkManifestLockResult.txt",
			);
			runOnlyForDeploymentPostprocessing = 0;
			shellPath = /bin/sh;
			shellScript = "diff \"${PODS_PODFILE_DIR_PATH}/Podfile.lock\" \"${PODS_ROOT}/Manifest.lock\" > /dev/null\nif [ $? != 0 ] ; then\n    # print error to STDERR\n    echo \"error: The sandbox is not in sync with the Podfile.lock. Run 'pod install' or update your CocoaPods installation.\" >&2\n    exit 1\nfi\n# This output is used by Xcode 'outputs' to avoid re-running this script phase.\necho \"SUCCESS\" > \"${SCRIPT_OUTPUT_FILE_0}\"\n";
			showEnvVarsInLog = 0;
		};
/* End PBXShellScriptBuildPhase section */

/* Begin PBXSourcesBuildPhase section */
		A9BC904D20D544EB0019C7F6 /* Sources */ = {
			isa = PBXSourcesBuildPhase;
			buildActionMask = 2147483647;
			files = (
				A904992120D7C5270039BB4E /* AddNewCellTableViewController.swift in Sources */,
				A9BC909E20D58A7D0019C7F6 /* StartDetailViewController.swift in Sources */,
				A915736A20DD9E1100800DD0 /* StartSplitViewController.swift in Sources */,
				A915736820DD985A00800DD0 /* StartTabBarController.swift in Sources */,
				A9BC905520D544EB0019C7F6 /* AppDelegate.swift in Sources */,
				A90A00B820D7AD70003DDF4A /* ProfileViewController.swift in Sources */,
				A9BC909A20D57DB90019C7F6 /* Girls.swift in Sources */,
				A92449A820DA78C100E3F522 /* StartTableViewController.swift in Sources */,
				A915736620DD361E00800DD0 /* GirlsRealm.swift in Sources */,
				A9BC909C20D581110019C7F6 /* StartTableViewCell.swift in Sources */,
			);
			runOnlyForDeploymentPostprocessing = 0;
		};
		A9BC906420D544EC0019C7F6 /* Sources */ = {
			isa = PBXSourcesBuildPhase;
			buildActionMask = 2147483647;
			files = (
				A9BC906D20D544EC0019C7F6 /* project1Tests.swift in Sources */,
			);
			runOnlyForDeploymentPostprocessing = 0;
		};
		A9BC906F20D544EC0019C7F6 /* Sources */ = {
			isa = PBXSourcesBuildPhase;
			buildActionMask = 2147483647;
			files = (
				A9BC907820D544EC0019C7F6 /* project1UITests.swift in Sources */,
			);
			runOnlyForDeploymentPostprocessing = 0;
		};
/* End PBXSourcesBuildPhase section */

/* Begin PBXTargetDependency section */
		A9BC906A20D544EC0019C7F6 /* PBXTargetDependency */ = {
			isa = PBXTargetDependency;
			target = A9BC905020D544EB0019C7F6 /* project1 */;
			targetProxy = A9BC906920D544EC0019C7F6 /* PBXContainerItemProxy */;
		};
		A9BC907520D544EC0019C7F6 /* PBXTargetDependency */ = {
			isa = PBXTargetDependency;
			target = A9BC905020D544EB0019C7F6 /* project1 */;
			targetProxy = A9BC907420D544EC0019C7F6 /* PBXContainerItemProxy */;
		};
/* End PBXTargetDependency section */

/* Begin PBXVariantGroup section */
		A90A00B420D7AD3F003DDF4A /* Profile.storyboard */ = {
			isa = PBXVariantGroup;
			children = (
				A90A00B520D7AD3F003DDF4A /* Base */,
			);
			name = Profile.storyboard;
			sourceTree = "<group>";
		};
		A9BC905820D544EB0019C7F6 /* Main.storyboard */ = {
			isa = PBXVariantGroup;
			children = (
				A9BC905920D544EB0019C7F6 /* Base */,
			);
			name = Main.storyboard;
			sourceTree = "<group>";
		};
		A9BC906020D544EC0019C7F6 /* LaunchScreen.storyboard */ = {
			isa = PBXVariantGroup;
			children = (
				A9BC906120D544EC0019C7F6 /* Base */,
			);
			name = LaunchScreen.storyboard;
			sourceTree = "<group>";
		};
/* End PBXVariantGroup section */

/* Begin XCBuildConfiguration section */
		A9BC907A20D544EC0019C7F6 /* Debug */ = {
			isa = XCBuildConfiguration;
			buildSettings = {
				ALWAYS_SEARCH_USER_PATHS = NO;
				CLANG_ANALYZER_NONNULL = YES;
				CLANG_ANALYZER_NUMBER_OBJECT_CONVERSION = YES_AGGRESSIVE;
				CLANG_CXX_LANGUAGE_STANDARD = "gnu++14";
				CLANG_CXX_LIBRARY = "libc++";
				CLANG_ENABLE_MODULES = YES;
				CLANG_ENABLE_OBJC_ARC = YES;
				CLANG_ENABLE_OBJC_WEAK = YES;
				CLANG_WARN_BLOCK_CAPTURE_AUTORELEASING = YES;
				CLANG_WARN_BOOL_CONVERSION = YES;
				CLANG_WARN_COMMA = YES;
				CLANG_WARN_CONSTANT_CONVERSION = YES;
				CLANG_WARN_DEPRECATED_OBJC_IMPLEMENTATIONS = YES;
				CLANG_WARN_DIRECT_OBJC_ISA_USAGE = YES_ERROR;
				CLANG_WARN_DOCUMENTATION_COMMENTS = YES;
				CLANG_WARN_EMPTY_BODY = YES;
				CLANG_WARN_ENUM_CONVERSION = YES;
				CLANG_WARN_INFINITE_RECURSION = YES;
				CLANG_WARN_INT_CONVERSION = YES;
				CLANG_WARN_NON_LITERAL_NULL_CONVERSION = YES;
				CLANG_WARN_OBJC_IMPLICIT_RETAIN_SELF = YES;
				CLANG_WARN_OBJC_LITERAL_CONVERSION = YES;
				CLANG_WARN_OBJC_ROOT_CLASS = YES_ERROR;
				CLANG_WARN_RANGE_LOOP_ANALYSIS = YES;
				CLANG_WARN_STRICT_PROTOTYPES = YES;
				CLANG_WARN_SUSPICIOUS_MOVE = YES;
				CLANG_WARN_UNGUARDED_AVAILABILITY = YES_AGGRESSIVE;
				CLANG_WARN_UNREACHABLE_CODE = YES;
				CLANG_WARN__DUPLICATE_METHOD_MATCH = YES;
				CODE_SIGN_IDENTITY = "iPhone Developer";
				COPY_PHASE_STRIP = NO;
				DEBUG_INFORMATION_FORMAT = dwarf;
				ENABLE_STRICT_OBJC_MSGSEND = YES;
				ENABLE_TESTABILITY = YES;
				GCC_C_LANGUAGE_STANDARD = gnu11;
				GCC_DYNAMIC_NO_PIC = NO;
				GCC_NO_COMMON_BLOCKS = YES;
				GCC_OPTIMIZATION_LEVEL = 0;
				GCC_PREPROCESSOR_DEFINITIONS = (
					"DEBUG=1",
					"$(inherited)",
				);
				GCC_WARN_64_TO_32_BIT_CONVERSION = YES;
				GCC_WARN_ABOUT_RETURN_TYPE = YES_ERROR;
				GCC_WARN_UNDECLARED_SELECTOR = YES;
				GCC_WARN_UNINITIALIZED_AUTOS = YES_AGGRESSIVE;
				GCC_WARN_UNUSED_FUNCTION = YES;
				GCC_WARN_UNUSED_VARIABLE = YES;
				IPHONEOS_DEPLOYMENT_TARGET = 11.4;
				MTL_ENABLE_DEBUG_INFO = YES;
				ONLY_ACTIVE_ARCH = YES;
				SDKROOT = iphoneos;
				SWIFT_ACTIVE_COMPILATION_CONDITIONS = DEBUG;
				SWIFT_OPTIMIZATION_LEVEL = "-Onone";
			};
			name = Debug;
		};
		A9BC907B20D544EC0019C7F6 /* Release */ = {
			isa = XCBuildConfiguration;
			buildSettings = {
				ALWAYS_SEARCH_USER_PATHS = NO;
				CLANG_ANALYZER_NONNULL = YES;
				CLANG_ANALYZER_NUMBER_OBJECT_CONVERSION = YES_AGGRESSIVE;
				CLANG_CXX_LANGUAGE_STANDARD = "gnu++14";
				CLANG_CXX_LIBRARY = "libc++";
				CLANG_ENABLE_MODULES = YES;
				CLANG_ENABLE_OBJC_ARC = YES;
				CLANG_ENABLE_OBJC_WEAK = YES;
				CLANG_WARN_BLOCK_CAPTURE_AUTORELEASING = YES;
				CLANG_WARN_BOOL_CONVERSION = YES;
				CLANG_WARN_COMMA = YES;
				CLANG_WARN_CONSTANT_CONVERSION = YES;
				CLANG_WARN_DEPRECATED_OBJC_IMPLEMENTATIONS = YES;
				CLANG_WARN_DIRECT_OBJC_ISA_USAGE = YES_ERROR;
				CLANG_WARN_DOCUMENTATION_COMMENTS = YES;
				CLANG_WARN_EMPTY_BODY = YES;
				CLANG_WARN_ENUM_CONVERSION = YES;
				CLANG_WARN_INFINITE_RECURSION = YES;
				CLANG_WARN_INT_CONVERSION = YES;
				CLANG_WARN_NON_LITERAL_NULL_CONVERSION = YES;
				CLANG_WARN_OBJC_IMPLICIT_RETAIN_SELF = YES;
				CLANG_WARN_OBJC_LITERAL_CONVERSION = YES;
				CLANG_WARN_OBJC_ROOT_CLASS = YES_ERROR;
				CLANG_WARN_RANGE_LOOP_ANALYSIS = YES;
				CLANG_WARN_STRICT_PROTOTYPES = YES;
				CLANG_WARN_SUSPICIOUS_MOVE = YES;
				CLANG_WARN_UNGUARDED_AVAILABILITY = YES_AGGRESSIVE;
				CLANG_WARN_UNREACHABLE_CODE = YES;
				CLANG_WARN__DUPLICATE_METHOD_MATCH = YES;
				CODE_SIGN_IDENTITY = "iPhone Developer";
				COPY_PHASE_STRIP = NO;
				DEBUG_INFORMATION_FORMAT = "dwarf-with-dsym";
				ENABLE_NS_ASSERTIONS = NO;
				ENABLE_STRICT_OBJC_MSGSEND = YES;
				GCC_C_LANGUAGE_STANDARD = gnu11;
				GCC_NO_COMMON_BLOCKS = YES;
				GCC_WARN_64_TO_32_BIT_CONVERSION = YES;
				GCC_WARN_ABOUT_RETURN_TYPE = YES_ERROR;
				GCC_WARN_UNDECLARED_SELECTOR = YES;
				GCC_WARN_UNINITIALIZED_AUTOS = YES_AGGRESSIVE;
				GCC_WARN_UNUSED_FUNCTION = YES;
				GCC_WARN_UNUSED_VARIABLE = YES;
				IPHONEOS_DEPLOYMENT_TARGET = 11.4;
				MTL_ENABLE_DEBUG_INFO = NO;
				SDKROOT = iphoneos;
				SWIFT_COMPILATION_MODE = wholemodule;
				SWIFT_OPTIMIZATION_LEVEL = "-O";
				VALIDATE_PRODUCT = YES;
			};
			name = Release;
		};
		A9BC907D20D544EC0019C7F6 /* Debug */ = {
			isa = XCBuildConfiguration;
			baseConfigurationReference = 456E5DDE1F1E29D3242ABEA9 /* Pods-project1.debug.xcconfig */;
			buildSettings = {
				ASSETCATALOG_COMPILER_APPICON_NAME = AppIcon;
				CODE_SIGN_STYLE = Automatic;
				DEVELOPMENT_TEAM = 2NKCB3S776;
				INFOPLIST_FILE = "$(SRCROOT)/project1/Resources/Info.plist";
				LD_RUNPATH_SEARCH_PATHS = (
					"$(inherited)",
					"@executable_path/Frameworks",
				);
				PRODUCT_BUNDLE_IDENTIFIER = GkFoxes.project1;
				PRODUCT_NAME = "$(TARGET_NAME)";
				SWIFT_VERSION = 4.0;
				TARGETED_DEVICE_FAMILY = "1,2";
			};
			name = Debug;
		};
		A9BC907E20D544EC0019C7F6 /* Release */ = {
			isa = XCBuildConfiguration;
			baseConfigurationReference = 9408C3F5C715C481A2BE2710 /* Pods-project1.release.xcconfig */;
			buildSettings = {
				ASSETCATALOG_COMPILER_APPICON_NAME = AppIcon;
				CODE_SIGN_STYLE = Automatic;
				DEVELOPMENT_TEAM = 2NKCB3S776;
				INFOPLIST_FILE = "$(SRCROOT)/project1/Resources/Info.plist";
				LD_RUNPATH_SEARCH_PATHS = (
					"$(inherited)",
					"@executable_path/Frameworks",
				);
				PRODUCT_BUNDLE_IDENTIFIER = GkFoxes.project1;
				PRODUCT_NAME = "$(TARGET_NAME)";
				SWIFT_VERSION = 4.0;
				TARGETED_DEVICE_FAMILY = "1,2";
			};
			name = Release;
		};
		A9BC908020D544EC0019C7F6 /* Debug */ = {
			isa = XCBuildConfiguration;
			baseConfigurationReference = 3D90FF557DB7688B2704E883 /* Pods-project1Tests.debug.xcconfig */;
			buildSettings = {
				ALWAYS_EMBED_SWIFT_STANDARD_LIBRARIES = YES;
				BUNDLE_LOADER = "$(TEST_HOST)";
				CODE_SIGN_STYLE = Automatic;
				DEVELOPMENT_TEAM = 2NKCB3S776;
				INFOPLIST_FILE = project1Tests/Info.plist;
				LD_RUNPATH_SEARCH_PATHS = (
					"$(inherited)",
					"@executable_path/Frameworks",
					"@loader_path/Frameworks",
				);
				PRODUCT_BUNDLE_IDENTIFIER = GkFoxes.project1Tests;
				PRODUCT_NAME = "$(TARGET_NAME)";
				SWIFT_VERSION = 4.0;
				TARGETED_DEVICE_FAMILY = "1,2";
				TEST_HOST = "$(BUILT_PRODUCTS_DIR)/project1.app/project1";
			};
			name = Debug;
		};
		A9BC908120D544EC0019C7F6 /* Release */ = {
			isa = XCBuildConfiguration;
			baseConfigurationReference = 2A67DA4ED5F3E59CD75D7249 /* Pods-project1Tests.release.xcconfig */;
			buildSettings = {
				ALWAYS_EMBED_SWIFT_STANDARD_LIBRARIES = YES;
				BUNDLE_LOADER = "$(TEST_HOST)";
				CODE_SIGN_STYLE = Automatic;
				DEVELOPMENT_TEAM = 2NKCB3S776;
				INFOPLIST_FILE = project1Tests/Info.plist;
				LD_RUNPATH_SEARCH_PATHS = (
					"$(inherited)",
					"@executable_path/Frameworks",
					"@loader_path/Frameworks",
				);
				PRODUCT_BUNDLE_IDENTIFIER = GkFoxes.project1Tests;
				PRODUCT_NAME = "$(TARGET_NAME)";
				SWIFT_VERSION = 4.0;
				TARGETED_DEVICE_FAMILY = "1,2";
				TEST_HOST = "$(BUILT_PRODUCTS_DIR)/project1.app/project1";
			};
			name = Release;
		};
		A9BC908320D544EC0019C7F6 /* Debug */ = {
			isa = XCBuildConfiguration;
			baseConfigurationReference = 6A58F116B42C27C32A5643E0 /* Pods-project1UITests.debug.xcconfig */;
			buildSettings = {
				ALWAYS_EMBED_SWIFT_STANDARD_LIBRARIES = YES;
				CODE_SIGN_STYLE = Automatic;
				DEVELOPMENT_TEAM = 2NKCB3S776;
				INFOPLIST_FILE = project1UITests/Info.plist;
				LD_RUNPATH_SEARCH_PATHS = (
					"$(inherited)",
					"@executable_path/Frameworks",
					"@loader_path/Frameworks",
				);
				PRODUCT_BUNDLE_IDENTIFIER = GkFoxes.project1UITests;
				PRODUCT_NAME = "$(TARGET_NAME)";
				SWIFT_VERSION = 4.0;
				TARGETED_DEVICE_FAMILY = "1,2";
				TEST_TARGET_NAME = project1;
			};
			name = Debug;
		};
		A9BC908420D544EC0019C7F6 /* Release */ = {
			isa = XCBuildConfiguration;
			baseConfigurationReference = 614E6B03B95A28BCB6F77127 /* Pods-project1UITests.release.xcconfig */;
			buildSettings = {
				ALWAYS_EMBED_SWIFT_STANDARD_LIBRARIES = YES;
				CODE_SIGN_STYLE = Automatic;
				DEVELOPMENT_TEAM = 2NKCB3S776;
				INFOPLIST_FILE = project1UITests/Info.plist;
				LD_RUNPATH_SEARCH_PATHS = (
					"$(inherited)",
					"@executable_path/Frameworks",
					"@loader_path/Frameworks",
				);
				PRODUCT_BUNDLE_IDENTIFIER = GkFoxes.project1UITests;
				PRODUCT_NAME = "$(TARGET_NAME)";
				SWIFT_VERSION = 4.0;
				TARGETED_DEVICE_FAMILY = "1,2";
				TEST_TARGET_NAME = project1;
			};
			name = Release;
		};
/* End XCBuildConfiguration section */

/* Begin XCConfigurationList section */
		A9BC904C20D544EB0019C7F6 /* Build configuration list for PBXProject "project1" */ = {
			isa = XCConfigurationList;
			buildConfigurations = (
				A9BC907A20D544EC0019C7F6 /* Debug */,
				A9BC907B20D544EC0019C7F6 /* Release */,
			);
			defaultConfigurationIsVisible = 0;
			defaultConfigurationName = Release;
		};
		A9BC907C20D544EC0019C7F6 /* Build configuration list for PBXNativeTarget "project1" */ = {
			isa = XCConfigurationList;
			buildConfigurations = (
				A9BC907D20D544EC0019C7F6 /* Debug */,
				A9BC907E20D544EC0019C7F6 /* Release */,
			);
			defaultConfigurationIsVisible = 0;
			defaultConfigurationName = Release;
		};
		A9BC907F20D544EC0019C7F6 /* Build configuration list for PBXNativeTarget "project1Tests" */ = {
			isa = XCConfigurationList;
			buildConfigurations = (
				A9BC908020D544EC0019C7F6 /* Debug */,
				A9BC908120D544EC0019C7F6 /* Release */,
			);
			defaultConfigurationIsVisible = 0;
			defaultConfigurationName = Release;
		};
		A9BC908220D544EC0019C7F6 /* Build configuration list for PBXNativeTarget "project1UITests" */ = {
			isa = XCConfigurationList;
			buildConfigurations = (
				A9BC908320D544EC0019C7F6 /* Debug */,
				A9BC908420D544EC0019C7F6 /* Release */,
			);
			defaultConfigurationIsVisible = 0;
			defaultConfigurationName = Release;
		};
/* End XCConfigurationList section */
	};
	rootObject = A9BC904920D544EB0019C7F6 /* Project object */;
}
